
Microsoft Visual Studio Solution File, Format Version 12.00
# Visual Studio Version 16
VisualStudioVersion = 16.0.30320.27
MinimumVisualStudioVersion = 10.0.40219.1
Project("{FAE04EC0-301F-11D3-BF4B-00C04F79EFBC}") = "Week3Task", "Week3Task\Week3Task.csproj", "{1732F574-DCB1-40DE-8EA4-FEED6591E656}"
EndProject
Global
	GlobalSection(SolutionConfigurationPlatforms) = preSolution
		Debug|Any CPU = Debug|Any CPU
		Release|Any CPU = Release|Any CPU
	EndGlobalSection
	GlobalSection(ProjectConfigurationPlatforms) = postSolution
		{1732F574-DCB1-40DE-8EA4-FEED6591E656}.Debug|Any CPU.ActiveCfg = Debug|Any CPU
		{1732F574-DCB1-40DE-8EA4-FEED6591E656}.Debug|Any CPU.Build.0 = Debug|Any CPU
		{1732F574-DCB1-40DE-8EA4-FEED6591E656}.Release|Any CPU.ActiveCfg = Release|Any CPU
		{1732F574-DCB1-40DE-8EA4-FEED6591E656}.Release|Any CPU.Build.0 = Release|Any CPU
	EndGlobalSection
	GlobalSection(SolutionProperties) = preSolution
		HideSolutionNode = FALSE
	EndGlobalSection
	GlobalSection(ExtensibilityGlobals) = postSolution
		SolutionGuid = {E799C44A-8510-43C2-B000-196C6845C85C}
	EndGlobalSection
EndGlobal
